
Microsoft Visual Studio Solution File, Format Version 12.00
# Visual Studio 15
VisualStudioVersion = 15.0.27703.2026
MinimumVisualStudioVersion = 10.0.40219.1
Project("{FAE04EC0-301F-11D3-BF4B-00C04F79EFBC}") = "saimmod3", "saimmod3\saimmod3.csproj", "{1C2FEBAA-B021-4949-A33D-D01A8F8D033F}"
EndProject
Global
	GlobalSection(SolutionConfigurationPlatforms) = preSolution
		Debug|Any CPU = Debug|Any CPU
		Release|Any CPU = Release|Any CPU
	EndGlobalSection
	GlobalSection(ProjectConfigurationPlatforms) = postSolution
		{1C2FEBAA-B021-4949-A33D-D01A8F8D033F}.Debug|Any CPU.ActiveCfg = Debug|Any CPU
		{1C2FEBAA-B021-4949-A33D-D01A8F8D033F}.Debug|Any CPU.Build.0 = Debug|Any CPU
		{1C2FEBAA-B021-4949-A33D-D01A8F8D033F}.Release|Any CPU.ActiveCfg = Release|Any CPU
		{1C2FEBAA-B021-4949-A33D-D01A8F8D033F}.Release|Any CPU.Build.0 = Release|Any CPU
	EndGlobalSection
	GlobalSection(SolutionProperties) = preSolution
		HideSolutionNode = FALSE
	EndGlobalSection
	GlobalSection(ExtensibilityGlobals) = postSolution
		SolutionGuid = {EBAC2342-0D1A-40F5-9593-B662C195824A}
	EndGlobalSection
EndGlobal
